
Microsoft Visual Studio Solution File, Format Version 12.00
# Visual Studio Version 16
VisualStudioVersion = 16.0.30611.23
MinimumVisualStudioVersion = 10.0.40219.1
Project("{FAE04EC0-301F-11D3-BF4B-00C04F79EFBC}") = "Tests", "Tests\Tests.csproj", "{5B38FD43-3D78-48BA-B9BE-40CC0327F954}"
EndProject
Project("{9A19103F-16F7-4668-BE54-9A1E7A4F7556}") = "BinSerializer", "BinSerializer\BinSerializer.csproj", "{62DA7455-54CF-486A-8600-ED78EBA16FF1}"
EndProject
Project("{FAE04EC0-301F-11D3-BF4B-00C04F79EFBC}") = "PerfTests", "PerfTests\PerfTests.csproj", "{A9140482-8F4A-4AD3-9E4F-9D00E85BD7A1}"
EndProject
Global
	GlobalSection(SolutionConfigurationPlatforms) = preSolution
		Debug|Any CPU = Debug|Any CPU
		Release|Any CPU = Release|Any CPU
	EndGlobalSection
	GlobalSection(ProjectConfigurationPlatforms) = postSolution
		{5B38FD43-3D78-48BA-B9BE-40CC0327F954}.Debug|Any CPU.ActiveCfg = Debug|Any CPU
		{5B38FD43-3D78-48BA-B9BE-40CC0327F954}.Debug|Any CPU.Build.0 = Debug|Any CPU
		{5B38FD43-3D78-48BA-B9BE-40CC0327F954}.Release|Any CPU.ActiveCfg = Release|Any CPU
		{5B38FD43-3D78-48BA-B9BE-40CC0327F954}.Release|Any CPU.Build.0 = Release|Any CPU
		{62DA7455-54CF-486A-8600-ED78EBA16FF1}.Debug|Any CPU.ActiveCfg = Debug|Any CPU
		{62DA7455-54CF-486A-8600-ED78EBA16FF1}.Debug|Any CPU.Build.0 = Debug|Any CPU
		{62DA7455-54CF-486A-8600-ED78EBA16FF1}.Release|Any CPU.ActiveCfg = Release|Any CPU
		{62DA7455-54CF-486A-8600-ED78EBA16FF1}.Release|Any CPU.Build.0 = Release|Any CPU
		{A9140482-8F4A-4AD3-9E4F-9D00E85BD7A1}.Debug|Any CPU.ActiveCfg = Debug|Any CPU
		{A9140482-8F4A-4AD3-9E4F-9D00E85BD7A1}.Debug|Any CPU.Build.0 = Debug|Any CPU
		{A9140482-8F4A-4AD3-9E4F-9D00E85BD7A1}.Release|Any CPU.ActiveCfg = Release|Any CPU
		{A9140482-8F4A-4AD3-9E4F-9D00E85BD7A1}.Release|Any CPU.Build.0 = Release|Any CPU
	EndGlobalSection
	GlobalSection(SolutionProperties) = preSolution
		HideSolutionNode = FALSE
	EndGlobalSection
	GlobalSection(ExtensibilityGlobals) = postSolution
		SolutionGuid = {3B59DBB0-A843-4A6C-BFA0-772930D2D435}
	EndGlobalSection
EndGlobal
